
Microsoft Visual Studio Solution File, Format Version 12.00
# Visual Studio 15
VisualStudioVersion = 15.0.28307.1401
MinimumVisualStudioVersion = 10.0.40219.1
Project("{8BC9CEB8-8B4A-11D0-8D11-00A0C91BC942}") = "c004AddNumber2", "c004AddNumber2.vcxproj", "{7CEFDC65-5B79-496C-A769-AD5CE2F5A1ED}"
EndProject
Global
	GlobalSection(SolutionConfigurationPlatforms) = preSolution
		Debug|x64 = Debug|x64
		Debug|x86 = Debug|x86
		Release|x64 = Release|x64
		Release|x86 = Release|x86
	EndGlobalSection
	GlobalSection(ProjectConfigurationPlatforms) = postSolution
		{7CEFDC65-5B79-496C-A769-AD5CE2F5A1ED}.Debug|x64.ActiveCfg = Debug|x64
		{7CEFDC65-5B79-496C-A769-AD5CE2F5A1ED}.Debug|x64.Build.0 = Debug|x64
		{7CEFDC65-5B79-496C-A769-AD5CE2F5A1ED}.Debug|x86.ActiveCfg = Debug|Win32
		{7CEFDC65-5B79-496C-A769-AD5CE2F5A1ED}.Debug|x86.Build.0 = Debug|Win32
		{7CEFDC65-5B79-496C-A769-AD5CE2F5A1ED}.Release|x64.ActiveCfg = Release|x64
		{7CEFDC65-5B79-496C-A769-AD5CE2F5A1ED}.Release|x64.Build.0 = Release|x64
		{7CEFDC65-5B79-496C-A769-AD5CE2F5A1ED}.Release|x86.ActiveCfg = Release|Win32
		{7CEFDC65-5B79-496C-A769-AD5CE2F5A1ED}.Release|x86.Build.0 = Release|Win32
	EndGlobalSection
	GlobalSection(SolutionProperties) = preSolution
		HideSolutionNode = FALSE
	EndGlobalSection
	GlobalSection(ExtensibilityGlobals) = postSolution
		SolutionGuid = {2102D66D-030C-4C27-860C-7ABB736E33FB}
	EndGlobalSection
EndGlobal
