
Microsoft Visual Studio Solution File, Format Version 12.00
# Visual Studio 15
VisualStudioVersion = 15.0.28307.1401
MinimumVisualStudioVersion = 10.0.40219.1
Project("{8BC9CEB8-8B4A-11D0-8D11-00A0C91BC942}") = "c010Function", "c010Function.vcxproj", "{E450799A-E106-4E59-BA66-9050F3EB210D}"
EndProject
Global
	GlobalSection(SolutionConfigurationPlatforms) = preSolution
		Debug|x64 = Debug|x64
		Debug|x86 = Debug|x86
		Release|x64 = Release|x64
		Release|x86 = Release|x86
	EndGlobalSection
	GlobalSection(ProjectConfigurationPlatforms) = postSolution
		{E450799A-E106-4E59-BA66-9050F3EB210D}.Debug|x64.ActiveCfg = Debug|x64
		{E450799A-E106-4E59-BA66-9050F3EB210D}.Debug|x64.Build.0 = Debug|x64
		{E450799A-E106-4E59-BA66-9050F3EB210D}.Debug|x86.ActiveCfg = Debug|Win32
		{E450799A-E106-4E59-BA66-9050F3EB210D}.Debug|x86.Build.0 = Debug|Win32
		{E450799A-E106-4E59-BA66-9050F3EB210D}.Release|x64.ActiveCfg = Release|x64
		{E450799A-E106-4E59-BA66-9050F3EB210D}.Release|x64.Build.0 = Release|x64
		{E450799A-E106-4E59-BA66-9050F3EB210D}.Release|x86.ActiveCfg = Release|Win32
		{E450799A-E106-4E59-BA66-9050F3EB210D}.Release|x86.Build.0 = Release|Win32
	EndGlobalSection
	GlobalSection(SolutionProperties) = preSolution
		HideSolutionNode = FALSE
	EndGlobalSection
	GlobalSection(ExtensibilityGlobals) = postSolution
		SolutionGuid = {A2FDDFDB-7458-4BFA-89AC-5A28124C57F4}
	EndGlobalSection
EndGlobal
